
Microsoft Visual Studio Solution File, Format Version 12.00
# Visual Studio 15
VisualStudioVersion = 15.0.27428.2015
MinimumVisualStudioVersion = 10.0.40219.1
Project("{FAE04EC0-301F-11D3-BF4B-00C04F79EFBC}") = "ProjectToolBarScroll", "PruebaToolBarScroll\ProjectToolBarScroll.csproj", "{C7D3406C-FEA6-433E-B3A0-8327912A71BB}"
EndProject
Global
	GlobalSection(SolutionConfigurationPlatforms) = preSolution
		Debug|Any CPU = Debug|Any CPU
		Release|Any CPU = Release|Any CPU
	EndGlobalSection
	GlobalSection(ProjectConfigurationPlatforms) = postSolution
		{C7D3406C-FEA6-433E-B3A0-8327912A71BB}.Debug|Any CPU.ActiveCfg = Debug|Any CPU
		{C7D3406C-FEA6-433E-B3A0-8327912A71BB}.Debug|Any CPU.Build.0 = Debug|Any CPU
		{C7D3406C-FEA6-433E-B3A0-8327912A71BB}.Release|Any CPU.ActiveCfg = Release|Any CPU
		{C7D3406C-FEA6-433E-B3A0-8327912A71BB}.Release|Any CPU.Build.0 = Release|Any CPU
	EndGlobalSection
	GlobalSection(SolutionProperties) = preSolution
		HideSolutionNode = FALSE
	EndGlobalSection
	GlobalSection(ExtensibilityGlobals) = postSolution
		SolutionGuid = {26A9C6D2-A624-4FDF-9582-28982E5984A0}
	EndGlobalSection
EndGlobal
